dependencies:
  '@types/js-yaml': 3.12.6
  js-yaml: 3.14.1
lockfileVersion: 5.2
packages:
  /@types/js-yaml/3.12.6:
    dev: false
    resolution:
      integrity: sha512-cK4XqrLvP17X6c0C8n4iTbT59EixqyXL3Fk8/Rsk4dF3oX4dg70gYUXrXVUUHpnsGMPNlTQMqf+TVmNPX6FmSQ==
  /argparse/1.0.10:
    dependencies:
      sprintf-js: 1.0.3
    dev: false
    resolution:
      integrity: sha512-o5Roy6tNG4SL/FOkCAN6RzjiakZS25RLYFrcMttJqbdd8BWrnA+fGz57iN5Pb06pvBGvl5gQ0B48dJlslXvoTg==
  /esprima/4.0.1:
    dev: false
    engines:
      node: '>=4'
    hasBin: true
    resolution:
      integrity: sha512-eGuFFw7Upda+g4p+QHvnW0RyTX/SVeJBDM/gCtMARO0cLuT2HcEKnTPvhjV6aGeqrCB/sbNop0Kszm0jsaWU4A==
  /js-yaml/3.14.1:
    dependencies:
      argparse: 1.0.10
      esprima: 4.0.1
    dev: false
    hasBin: true
    resolution:
      integrity: sha512-okMH7OXXJ7YrN9Ok3/SXrnu4iX9yOk+25nqX4imS2npuvTYDmo/QEZoqwZkYaIDk3jVvBOTOIEgEhaLOynBS9g==
  /sprintf-js/1.0.3:
    dev: false
    resolution:
      integrity: sha1-BOaSb2YolTVPPdAVIDYzuFcpfiw=
specifiers:
  '@types/js-yaml': 3.12.6
  js-yaml: 3.14.1
